
Microsoft Visual Studio Solution File, Format Version 12.00
# Visual Studio 2013
VisualStudioVersion = 12.0.31101.0
MinimumVisualStudioVersion = 10.0.40219.1
Project("{FAE04EC0-301F-11D3-BF4B-00C04F79EFBC}") = "MedPort", "MedPort\MedPort.csproj", "{CE7F539B-B00E-4142-A0EB-765A8DC09F6A}"
EndProject
Project("{FAE04EC0-301F-11D3-BF4B-00C04F79EFBC}") = "PdfViewer", "PdfViewer\PdfViewer.csproj", "{4673A570-175C-47F3-BC68-A6C00EDB2F46}"
EndProject
Project("{FAE04EC0-301F-11D3-BF4B-00C04F79EFBC}") = "MedPort.Commons", "MedPort.Commons\MedPort.Commons.csproj", "{81DE27C7-48CB-4BC9-95EA-70BCE152271A}"
EndProject
Project("{FAE04EC0-301F-11D3-BF4B-00C04F79EFBC}") = "PdfTest", "PdfTest\PdfTest.csproj", "{6ECE2E89-2708-4AAF-B17E-4D0C71EE8925}"
EndProject
Project("{FAE04EC0-301F-11D3-BF4B-00C04F79EFBC}") = "LedgerStats", "LedgerStats\LedgerStats.csproj", "{B6B125EB-C3E7-4E52-9899-AB3EE704C989}"
EndProject
Global
	GlobalSection(SolutionConfigurationPlatforms) = preSolution
		Debug|Any CPU = Debug|Any CPU
		Release|Any CPU = Release|Any CPU
	EndGlobalSection
	GlobalSection(ProjectConfigurationPlatforms) = postSolution
		{CE7F539B-B00E-4142-A0EB-765A8DC09F6A}.Debug|Any CPU.ActiveCfg = Debug|Any CPU
		{CE7F539B-B00E-4142-A0EB-765A8DC09F6A}.Debug|Any CPU.Build.0 = Debug|Any CPU
		{CE7F539B-B00E-4142-A0EB-765A8DC09F6A}.Release|Any CPU.ActiveCfg = Release|Any CPU
		{CE7F539B-B00E-4142-A0EB-765A8DC09F6A}.Release|Any CPU.Build.0 = Release|Any CPU
		{4673A570-175C-47F3-BC68-A6C00EDB2F46}.Debug|Any CPU.ActiveCfg = Debug|Any CPU
		{4673A570-175C-47F3-BC68-A6C00EDB2F46}.Debug|Any CPU.Build.0 = Debug|Any CPU
		{4673A570-175C-47F3-BC68-A6C00EDB2F46}.Release|Any CPU.ActiveCfg = Release|Any CPU
		{4673A570-175C-47F3-BC68-A6C00EDB2F46}.Release|Any CPU.Build.0 = Release|Any CPU
		{81DE27C7-48CB-4BC9-95EA-70BCE152271A}.Debug|Any CPU.ActiveCfg = Debug|Any CPU
		{81DE27C7-48CB-4BC9-95EA-70BCE152271A}.Debug|Any CPU.Build.0 = Debug|Any CPU
		{81DE27C7-48CB-4BC9-95EA-70BCE152271A}.Release|Any CPU.ActiveCfg = Release|Any CPU
		{81DE27C7-48CB-4BC9-95EA-70BCE152271A}.Release|Any CPU.Build.0 = Release|Any CPU
		{6ECE2E89-2708-4AAF-B17E-4D0C71EE8925}.Debug|Any CPU.ActiveCfg = Debug|Any CPU
		{6ECE2E89-2708-4AAF-B17E-4D0C71EE8925}.Debug|Any CPU.Build.0 = Debug|Any CPU
		{6ECE2E89-2708-4AAF-B17E-4D0C71EE8925}.Release|Any CPU.ActiveCfg = Release|Any CPU
		{6ECE2E89-2708-4AAF-B17E-4D0C71EE8925}.Release|Any CPU.Build.0 = Release|Any CPU
		{B6B125EB-C3E7-4E52-9899-AB3EE704C989}.Debug|Any CPU.ActiveCfg = Debug|Any CPU
		{B6B125EB-C3E7-4E52-9899-AB3EE704C989}.Debug|Any CPU.Build.0 = Debug|Any CPU
		{B6B125EB-C3E7-4E52-9899-AB3EE704C989}.Release|Any CPU.ActiveCfg = Release|Any CPU
		{B6B125EB-C3E7-4E52-9899-AB3EE704C989}.Release|Any CPU.Build.0 = Release|Any CPU
	EndGlobalSection
	GlobalSection(SolutionProperties) = preSolution
		HideSolutionNode = FALSE
	EndGlobalSection
EndGlobal
